
Microsoft Visual Studio Solution File, Format Version 12.00
# Visual Studio Version 17
VisualStudioVersion = 17.0.32014.148
MinimumVisualStudioVersion = 10.0.40219.1
Project("{FAE04EC0-301F-11D3-BF4B-00C04F79EFBC}") = "ConsoleApp2.13", "ConsoleApp2.13.csproj", "{B52F3CA9-9314-4E73-86AF-FACCD0175F9B}"
EndProject
Global
	GlobalSection(SolutionConfigurationPlatforms) = preSolution
		Debug|Any CPU = Debug|Any CPU
		Release|Any CPU = Release|Any CPU
	EndGlobalSection
	GlobalSection(ProjectConfigurationPlatforms) = postSolution
		{B52F3CA9-9314-4E73-86AF-FACCD0175F9B}.Debug|Any CPU.ActiveCfg = Debug|Any CPU
		{B52F3CA9-9314-4E73-86AF-FACCD0175F9B}.Debug|Any CPU.Build.0 = Debug|Any CPU
		{B52F3CA9-9314-4E73-86AF-FACCD0175F9B}.Release|Any CPU.ActiveCfg = Release|Any CPU
		{B52F3CA9-9314-4E73-86AF-FACCD0175F9B}.Release|Any CPU.Build.0 = Release|Any CPU
	EndGlobalSection
	GlobalSection(SolutionProperties) = preSolution
		HideSolutionNode = FALSE
	EndGlobalSection
	GlobalSection(ExtensibilityGlobals) = postSolution
		SolutionGuid = {102C3B3C-D1C0-489A-9FA7-BFEBA9F1A73C}
	EndGlobalSection
EndGlobal
