
Microsoft Visual Studio Solution File, Format Version 12.00
# Visual Studio Version 17
VisualStudioVersion = 17.0.32014.148
MinimumVisualStudioVersion = 10.0.40219.1
Project("{FAE04EC0-301F-11D3-BF4B-00C04F79EFBC}") = "ConsoleApp2.7", "ConsoleApp2.7.csproj", "{A05727CC-247A-477B-A81B-BE2A2449CC0E}"
EndProject
Global
	GlobalSection(SolutionConfigurationPlatforms) = preSolution
		Debug|Any CPU = Debug|Any CPU
		Release|Any CPU = Release|Any CPU
	EndGlobalSection
	GlobalSection(ProjectConfigurationPlatforms) = postSolution
		{A05727CC-247A-477B-A81B-BE2A2449CC0E}.Debug|Any CPU.ActiveCfg = Debug|Any CPU
		{A05727CC-247A-477B-A81B-BE2A2449CC0E}.Debug|Any CPU.Build.0 = Debug|Any CPU
		{A05727CC-247A-477B-A81B-BE2A2449CC0E}.Release|Any CPU.ActiveCfg = Release|Any CPU
		{A05727CC-247A-477B-A81B-BE2A2449CC0E}.Release|Any CPU.Build.0 = Release|Any CPU
	EndGlobalSection
	GlobalSection(SolutionProperties) = preSolution
		HideSolutionNode = FALSE
	EndGlobalSection
	GlobalSection(ExtensibilityGlobals) = postSolution
		SolutionGuid = {92F3B264-B183-48E0-8F4A-7141F5864A8B}
	EndGlobalSection
EndGlobal
